
Microsoft Visual Studio Solution File, Format Version 12.00
# Visual Studio Version 17
VisualStudioVersion = 17.2.32519.379
MinimumVisualStudioVersion = 10.0.40219.1
Project("{FAE04EC0-301F-11D3-BF4B-00C04F79EFBC}") = "滑鼠鍵盤活動了多久", "滑鼠鍵盤活動了多久\滑鼠鍵盤活動了多久.csproj", "{2834A790-35E0-49CC-857E-7FC65AFF4C44}"
EndProject
Global
	GlobalSection(SolutionConfigurationPlatforms) = preSolution
		Debug|Any CPU = Debug|Any CPU
		Release|Any CPU = Release|Any CPU
	EndGlobalSection
	GlobalSection(ProjectConfigurationPlatforms) = postSolution
		{2834A790-35E0-49CC-857E-7FC65AFF4C44}.Debug|Any CPU.ActiveCfg = Debug|Any CPU
		{2834A790-35E0-49CC-857E-7FC65AFF4C44}.Debug|Any CPU.Build.0 = Debug|Any CPU
		{2834A790-35E0-49CC-857E-7FC65AFF4C44}.Release|Any CPU.ActiveCfg = Release|Any CPU
		{2834A790-35E0-49CC-857E-7FC65AFF4C44}.Release|Any CPU.Build.0 = Release|Any CPU
	EndGlobalSection
	GlobalSection(SolutionProperties) = preSolution
		HideSolutionNode = FALSE
	EndGlobalSection
	GlobalSection(ExtensibilityGlobals) = postSolution
		SolutionGuid = {1BF4E5D8-DB0B-4B0E-AE35-A26B7EB7AFAA}
	EndGlobalSection
EndGlobal
